// !$*UTF8*$!
{
	archiveVersion = 1;
	classes = {
	};
	objectVersion = 56;
	objects = {

/* Begin PBXBuildFile section */
		161DC96B2C397CBF0072FFFA /* city_appApp.swift in Sources */ = {isa = PBXBuildFile; fileRef = 161DC96A2C397CBF0072FFFA /* city_appApp.swift */; };
		161DC96D2C397CBF0072FFFA /* ContentView.swift in Sources */ = {isa = PBXBuildFile; fileRef = 161DC96C2C397CBF0072FFFA /* ContentView.swift */; };
		161DC9712C397CC00072FFFA /* Assets.xcassets in Resources */ = {isa = PBXBuildFile; fileRef = 161DC9702C397CC00072FFFA /* Assets.xcassets */; };
		161DC9742C397CC00072FFFA /* Preview Assets.xcassets in Resources */ = {isa = PBXBuildFile; fileRef = 161DC9732C397CC00072FFFA /* Preview Assets.xcassets */; };
		161DC97E2C397CC00072FFFA /* city_appTests.swift in Sources */ = {isa = PBXBuildFile; fileRef = 161DC97D2C397CC00072FFFA /* city_appTests.swift */; };
		161DC9882C397CC00072FFFA /* city_appUITests.swift in Sources */ = {isa = PBXBuildFile; fileRef = 161DC9872C397CC00072FFFA /* city_appUITests.swift */; };
		161DC98A2C397CC00072FFFA /* city_appUITestsLaunchTests.swift in Sources */ = {isa = PBXBuildFile; fileRef = 161DC9892C397CC00072FFFA /* city_appUITestsLaunchTests.swift */; };
		16F3D05E2C3AEF4000D23B65 /* CircleImage.swift in Sources */ = {isa = PBXBuildFile; fileRef = 16F3D05D2C3AEF4000D23B65 /* CircleImage.swift */; };
		16F3D0602C3AF11F00D23B65 /* MapView.swift in Sources */ = {isa = PBXBuildFile; fileRef = 16F3D05F2C3AF11F00D23B65 /* MapView.swift */; };
		16F3D0622C3B03E000D23B65 /* landmarkData.json in Resources */ = {isa = PBXBuildFile; fileRef = 16F3D0612C3B03E000D23B65 /* landmarkData.json */; };
		16F3D0642C3B04EF00D23B65 /* Landmark.swift in Sources */ = {isa = PBXBuildFile; fileRef = 16F3D0632C3B04EF00D23B65 /* Landmark.swift */; };
		16F3D0662C3B065B00D23B65 /* ModalData.swift in Sources */ = {isa = PBXBuildFile; fileRef = 16F3D0652C3B065B00D23B65 /* ModalData.swift */; };
		16F3D06B2C3B07AC00D23B65 /* LandmarkRow.swift in Sources */ = {isa = PBXBuildFile; fileRef = 16F3D06A2C3B07AC00D23B65 /* LandmarkRow.swift */; };
		16F3D06D2C3B09C500D23B65 /* LandmarkList.swift in Sources */ = {isa = PBXBuildFile; fileRef = 16F3D06C2C3B09C500D23B65 /* LandmarkList.swift */; };
		16F3D06F2C3B0A5600D23B65 /* LandmarkDetail.swift in Sources */ = {isa = PBXBuildFile; fileRef = 16F3D06E2C3B0A5600D23B65 /* LandmarkDetail.swift */; };
		16F3D0712C3B28BA00D23B65 /* FavoriteButton.swift in Sources */ = {isa = PBXBuildFile; fileRef = 16F3D0702C3B28BA00D23B65 /* FavoriteButton.swift */; };
		16F3D0752C3B2B2300D23B65 /* Hike.swift in Sources */ = {isa = PBXBuildFile; fileRef = 16F3D0742C3B2B2300D23B65 /* Hike.swift */; };
/* End PBXBuildFile section */

/* Begin PBXContainerItemProxy section */
		161DC97A2C397CC00072FFFA /* PBXContainerItemProxy */ = {
			isa = PBXContainerItemProxy;
			containerPortal = 161DC95F2C397CBF0072FFFA /* Project object */;
			proxyType = 1;
			remoteGlobalIDString = 161DC9662C397CBF0072FFFA;
			remoteInfo = "city app";
		};
		161DC9842C397CC00072FFFA /* PBXContainerItemProxy */ = {
			isa = PBXContainerItemProxy;
			containerPortal = 161DC95F2C397CBF0072FFFA /* Project object */;
			proxyType = 1;
			remoteGlobalIDString = 161DC9662C397CBF0072FFFA;
			remoteInfo = "city app";
		};
/* End PBXContainerItemProxy section */

/* Begin PBXFileReference section */
		161DC9672C397CBF0072FFFA /* city app.app */ = {isa = PBXFileReference; explicitFileType = wrapper.application; includeInIndex = 0; path = "city app.app"; sourceTree = BUILT_PRODUCTS_DIR; };
		161DC96A2C397CBF0072FFFA /* city_appApp.swift */ = {isa = PBXFileReference; lastKnownFileType = sourcecode.swift; path = city_appApp.swift; sourceTree = "<group>"; };
		161DC96C2C397CBF0072FFFA /* ContentView.swift */ = {isa = PBXFileReference; lastKnownFileType = sourcecode.swift; path = ContentView.swift; sourceTree = "<group>"; };
		161DC9702C397CC00072FFFA /* Assets.xcassets */ = {isa = PBXFileReference; lastKnownFileType = folder.assetcatalog; path = Assets.xcassets; sourceTree = "<group>"; };
		161DC9732C397CC00072FFFA /* Preview Assets.xcassets */ = {isa = PBXFileReference; lastKnownFileType = folder.assetcatalog; path = "Preview Assets.xcassets"; sourceTree = "<group>"; };
		161DC9792C397CC00072FFFA /* city appTests.xctest */ = {isa = PBXFileReference; explicitFileType = wrapper.cfbundle; includeInIndex = 0; path = "city appTests.xctest"; sourceTree = BUILT_PRODUCTS_DIR; };
		161DC97D2C397CC00072FFFA /* city_appTests.swift */ = {isa = PBXFileReference; lastKnownFileType = sourcecode.swift; path = city_appTests.swift; sourceTree = "<group>"; };
		161DC9832C397CC00072FFFA /* city appUITests.xctest */ = {isa = PBXFileReference; explicitFileType = wrapper.cfbundle; includeInIndex = 0; path = "city appUITests.xctest"; sourceTree = BUILT_PRODUCTS_DIR; };
		161DC9872C397CC00072FFFA /* city_appUITests.swift */ = {isa = PBXFileReference; lastKnownFileType = sourcecode.swift; path = city_appUITests.swift; sourceTree = "<group>"; };
		161DC9892C397CC00072FFFA /* city_appUITestsLaunchTests.swift */ = {isa = PBXFileReference; lastKnownFileType = sourcecode.swift; path = city_appUITestsLaunchTests.swift; sourceTree = "<group>"; };
		16F3D05D2C3AEF4000D23B65 /* CircleImage.swift */ = {isa = PBXFileReference; lastKnownFileType = sourcecode.swift; path = CircleImage.swift; sourceTree = "<group>"; };
		16F3D05F2C3AF11F00D23B65 /* MapView.swift */ = {isa = PBXFileReference; lastKnownFileType = sourcecode.swift; path = MapView.swift; sourceTree = "<group>"; };
		16F3D0612C3B03E000D23B65 /* landmarkData.json */ = {isa = PBXFileReference; fileEncoding = 4; lastKnownFileType = text.json; path = landmarkData.json; sourceTree = "<group>"; };
		16F3D0632C3B04EF00D23B65 /* Landmark.swift */ = {isa = PBXFileReference; lastKnownFileType = sourcecode.swift; path = Landmark.swift; sourceTree = "<group>"; };
		16F3D0652C3B065B00D23B65 /* ModalData.swift */ = {isa = PBXFileReference; lastKnownFileType = sourcecode.swift; path = ModalData.swift; sourceTree = "<group>"; };
		16F3D06A2C3B07AC00D23B65 /* LandmarkRow.swift */ = {isa = PBXFileReference; lastKnownFileType = sourcecode.swift; path = LandmarkRow.swift; sourceTree = "<group>"; };
		16F3D06C2C3B09C500D23B65 /* LandmarkList.swift */ = {isa = PBXFileReference; lastKnownFileType = sourcecode.swift; path = LandmarkList.swift; sourceTree = "<group>"; };
		16F3D06E2C3B0A5600D23B65 /* LandmarkDetail.swift */ = {isa = PBXFileReference; lastKnownFileType = sourcecode.swift; path = LandmarkDetail.swift; sourceTree = "<group>"; };
		16F3D0702C3B28BA00D23B65 /* FavoriteButton.swift */ = {isa = PBXFileReference; lastKnownFileType = sourcecode.swift; path = FavoriteButton.swift; sourceTree = "<group>"; };
		16F3D0742C3B2B2300D23B65 /* Hike.swift */ = {isa = PBXFileReference; lastKnownFileType = sourcecode.swift; path = Hike.swift; sourceTree = "<group>"; };
/* End PBXFileReference section */

/* Begin PBXFrameworksBuildPhase section */
		161DC9642C397CBF0072FFFA /* Frameworks */ = {
			isa = PBXFrameworksBuildPhase;
			buildActionMask = 2147483647;
			files = (
			);
			runOnlyForDeploymentPostprocessing = 0;
		};
		161DC9762C397CC00072FFFA /* Frameworks */ = {
			isa = PBXFrameworksBuildPhase;
			buildActionMask = 2147483647;
			files = (
			);
			runOnlyForDeploymentPostprocessing = 0;
		};
		161DC9802C397CC00072FFFA /* Frameworks */ = {
			isa = PBXFrameworksBuildPhase;
			buildActionMask = 2147483647;
			files = (
			);
			runOnlyForDeploymentPostprocessing = 0;
		};
/* End PBXFrameworksBuildPhase section */

/* Begin PBXGroup section */
		161DC95E2C397CBF0072FFFA = {
			isa = PBXGroup;
			children = (
				161DC9692C397CBF0072FFFA /* city app */,
				161DC97C2C397CC00072FFFA /* city appTests */,
				161DC9862C397CC00072FFFA /* city appUITests */,
				161DC9682C397CBF0072FFFA /* Products */,
			);
			sourceTree = "<group>";
		};
		161DC9682C397CBF0072FFFA /* Products */ = {
			isa = PBXGroup;
			children = (
				161DC9672C397CBF0072FFFA /* city app.app */,
				161DC9792C397CC00072FFFA /* city appTests.xctest */,
				161DC9832C397CC00072FFFA /* city appUITests.xctest */,
			);
			name = Products;
			sourceTree = "<group>";
		};
		161DC9692C397CBF0072FFFA /* city app */ = {
			isa = PBXGroup;
			children = (
				16F3D0682C3B06F100D23B65 /* Resources */,
				161DC96A2C397CBF0072FFFA /* city_appApp.swift */,
				16F3D0672C3B06DB00D23B65 /* Views */,
				161DC9702C397CC00072FFFA /* Assets.xcassets */,
				161DC9722C397CC00072FFFA /* Preview Content */,
				16F3D0692C3B075400D23B65 /* Model */,
			);
			path = "city app";
			sourceTree = "<group>";
		};
		161DC9722C397CC00072FFFA /* Preview Content */ = {
			isa = PBXGroup;
			children = (
				161DC9732C397CC00072FFFA /* Preview Assets.xcassets */,
			);
			path = "Preview Content";
			sourceTree = "<group>";
		};
		161DC97C2C397CC00072FFFA /* city appTests */ = {
			isa = PBXGroup;
			children = (
				161DC97D2C397CC00072FFFA /* city_appTests.swift */,
			);
			path = "city appTests";
			sourceTree = "<group>";
		};
		161DC9862C397CC00072FFFA /* city appUITests */ = {
			isa = PBXGroup;
			children = (
				161DC9872C397CC00072FFFA /* city_appUITests.swift */,
				161DC9892C397CC00072FFFA /* city_appUITestsLaunchTests.swift */,
			);
			path = "city appUITests";
			sourceTree = "<group>";
		};
		16F3D0672C3B06DB00D23B65 /* Views */ = {
			isa = PBXGroup;
			children = (
				161DC96C2C397CBF0072FFFA /* ContentView.swift */,
				16F3D0732C3B294D00D23B65 /* Helpers */,
				16F3D0722C3B294100D23B65 /* Landmarks */,
			);
			path = Views;
			sourceTree = "<group>";
		};
		16F3D0682C3B06F100D23B65 /* Resources */ = {
			isa = PBXGroup;
			children = (
				16F3D0612C3B03E000D23B65 /* landmarkData.json */,
			);
			path = Resources;
			sourceTree = "<group>";
		};
		16F3D0692C3B075400D23B65 /* Model */ = {
			isa = PBXGroup;
			children = (
				16F3D0632C3B04EF00D23B65 /* Landmark.swift */,
				16F3D0652C3B065B00D23B65 /* ModalData.swift */,
				16F3D0742C3B2B2300D23B65 /* Hike.swift */,
			);
			path = Model;
			sourceTree = "<group>";
		};
		16F3D0722C3B294100D23B65 /* Landmarks */ = {
			isa = PBXGroup;
			children = (
				16F3D06A2C3B07AC00D23B65 /* LandmarkRow.swift */,
				16F3D06C2C3B09C500D23B65 /* LandmarkList.swift */,
				16F3D06E2C3B0A5600D23B65 /* LandmarkDetail.swift */,
			);
			path = Landmarks;
			sourceTree = "<group>";
		};
		16F3D0732C3B294D00D23B65 /* Helpers */ = {
			isa = PBXGroup;
			children = (
				16F3D05F2C3AF11F00D23B65 /* MapView.swift */,
				16F3D05D2C3AEF4000D23B65 /* CircleImage.swift */,
				16F3D0702C3B28BA00D23B65 /* FavoriteButton.swift */,
			);
			path = Helpers;
			sourceTree = "<group>";
		};
/* End PBXGroup section */

/* Begin PBXNativeTarget section */
		161DC9662C397CBF0072FFFA /* city app */ = {
			isa = PBXNativeTarget;
			buildConfigurationList = 161DC98D2C397CC00072FFFA /* Build configuration list for PBXNativeTarget "city app" */;
			buildPhases = (
				161DC9632C397CBF0072FFFA /* Sources */,
				161DC9642C397CBF0072FFFA /* Frameworks */,
				161DC9652C397CBF0072FFFA /* Resources */,
			);
			buildRules = (
			);
			dependencies = (
			);
			name = "city app";
			productName = "city app";
			productReference = 161DC9672C397CBF0072FFFA /* city app.app */;
			productType = "com.apple.product-type.application";
		};
		161DC9782C397CC00072FFFA /* city appTests */ = {
			isa = PBXNativeTarget;
			buildConfigurationList = 161DC9902C397CC00072FFFA /* Build configuration list for PBXNativeTarget "city appTests" */;
			buildPhases = (
				161DC9752C397CC00072FFFA /* Sources */,
				161DC9762C397CC00072FFFA /* Frameworks */,
				161DC9772C397CC00072FFFA /* Resources */,
			);
			buildRules = (
			);
			dependencies = (
				161DC97B2C397CC00072FFFA /* PBXTargetDependency */,
			);
			name = "city appTests";
			productName = "city appTests";
			productReference = 161DC9792C397CC00072FFFA /* city appTests.xctest */;
			productType = "com.apple.product-type.bundle.unit-test";
		};
		161DC9822C397CC00072FFFA /* city appUITests */ = {
			isa = PBXNativeTarget;
			buildConfigurationList = 161DC9932C397CC00072FFFA /* Build configuration list for PBXNativeTarget "city appUITests" */;
			buildPhases = (
				161DC97F2C397CC00072FFFA /* Sources */,
				161DC9802C397CC00072FFFA /* Frameworks */,
				161DC9812C397CC00072FFFA /* Resources */,
			);
			buildRules = (
			);
			dependencies = (
				161DC9852C397CC00072FFFA /* PBXTargetDependency */,
			);
			name = "city appUITests";
			productName = "city appUITests";
			productReference = 161DC9832C397CC00072FFFA /* city appUITests.xctest */;
			productType = "com.apple.product-type.bundle.ui-testing";
		};
/* End PBXNativeTarget section */

/* Begin PBXProject section */
		161DC95F2C397CBF0072FFFA /* Project object */ = {
			isa = PBXProject;
			attributes = {
				BuildIndependentTargetsInParallel = 1;
				LastSwiftUpdateCheck = 1540;
				LastUpgradeCheck = 1540;
				TargetAttributes = {
					161DC9662C397CBF0072FFFA = {
						CreatedOnToolsVersion = 15.4;
					};
					161DC9782C397CC00072FFFA = {
						CreatedOnToolsVersion = 15.4;
						TestTargetID = 161DC9662C397CBF0072FFFA;
					};
					161DC9822C397CC00072FFFA = {
						CreatedOnToolsVersion = 15.4;
						TestTargetID = 161DC9662C397CBF0072FFFA;
					};
				};
			};
			buildConfigurationList = 161DC9622C397CBF0072FFFA /* Build configuration list for PBXProject "city app" */;
			compatibilityVersion = "Xcode 14.0";
			developmentRegion = en;
			hasScannedForEncodings = 0;
			knownRegions = (
				en,
				Base,
			);
			mainGroup = 161DC95E2C397CBF0072FFFA;
			productRefGroup = 161DC9682C397CBF0072FFFA /* Products */;
			projectDirPath = "";
			projectRoot = "";
			targets = (
				161DC9662C397CBF0072FFFA /* city app */,
				161DC9782C397CC00072FFFA /* city appTests */,
				161DC9822C397CC00072FFFA /* city appUITests */,
			);
		};
/* End PBXProject section */

/* Begin PBXResourcesBuildPhase section */
		161DC9652C397CBF0072FFFA /* Resources */ = {
			isa = PBXResourcesBuildPhase;
			buildActionMask = 2147483647;
			files = (
				161DC9742C397CC00072FFFA /* Preview Assets.xcassets in Resources */,
				161DC9712C397CC00072FFFA /* Assets.xcassets in Resources */,
				16F3D0622C3B03E000D23B65 /* landmarkData.json in Resources */,
			);
			runOnlyForDeploymentPostprocessing = 0;
		};
		161DC9772C397CC00072FFFA /* Resources */ = {
			isa = PBXResourcesBuildPhase;
			buildActionMask = 2147483647;
			files = (
			);
			runOnlyForDeploymentPostprocessing = 0;
		};
		161DC9812C397CC00072FFFA /* Resources */ = {
			isa = PBXResourcesBuildPhase;
			buildActionMask = 2147483647;
			files = (
			);
			runOnlyForDeploymentPostprocessing = 0;
		};
/* End PBXResourcesBuildPhase section */

/* Begin PBXSourcesBuildPhase section */
		161DC9632C397CBF0072FFFA /* Sources */ = {
			isa = PBXSourcesBuildPhase;
			buildActionMask = 2147483647;
			files = (
				161DC96D2C397CBF0072FFFA /* ContentView.swift in Sources */,
				16F3D05E2C3AEF4000D23B65 /* CircleImage.swift in Sources */,
				16F3D0602C3AF11F00D23B65 /* MapView.swift in Sources */,
				16F3D0712C3B28BA00D23B65 /* FavoriteButton.swift in Sources */,
				16F3D0752C3B2B2300D23B65 /* Hike.swift in Sources */,
				16F3D06D2C3B09C500D23B65 /* LandmarkList.swift in Sources */,
				16F3D06F2C3B0A5600D23B65 /* LandmarkDetail.swift in Sources */,
				161DC96B2C397CBF0072FFFA /* city_appApp.swift in Sources */,
				16F3D0662C3B065B00D23B65 /* ModalData.swift in Sources */,
				16F3D06B2C3B07AC00D23B65 /* LandmarkRow.swift in Sources */,
				16F3D0642C3B04EF00D23B65 /* Landmark.swift in Sources */,
			);
			runOnlyForDeploymentPostprocessing = 0;
		};
		161DC9752C397CC00072FFFA /* Sources */ = {
			isa = PBXSourcesBuildPhase;
			buildActionMask = 2147483647;
			files = (
				161DC97E2C397CC00072FFFA /* city_appTests.swift in Sources */,
			);
			runOnlyForDeploymentPostprocessing = 0;
		};
		161DC97F2C397CC00072FFFA /* Sources */ = {
			isa = PBXSourcesBuildPhase;
			buildActionMask = 2147483647;
			files = (
				161DC98A2C397CC00072FFFA /* city_appUITestsLaunchTests.swift in Sources */,
				161DC9882C397CC00072FFFA /* city_appUITests.swift in Sources */,
			);
			runOnlyForDeploymentPostprocessing = 0;
		};
/* End PBXSourcesBuildPhase section */

/* Begin PBXTargetDependency section */
		161DC97B2C397CC00072FFFA /* PBXTargetDependency */ = {
			isa = PBXTargetDependency;
			target = 161DC9662C397CBF0072FFFA /* city app */;
			targetProxy = 161DC97A2C397CC00072FFFA /* PBXContainerItemProxy */;
		};
		161DC9852C397CC00072FFFA /* PBXTargetDependency */ = {
			isa = PBXTargetDependency;
			target = 161DC9662C397CBF0072FFFA /* city app */;
			targetProxy = 161DC9842C397CC00072FFFA /* PBXContainerItemProxy */;
		};
/* End PBXTargetDependency section */

/* Begin XCBuildConfiguration section */
		161DC98B2C397CC00072FFFA /* Debug */ = {
			isa = XCBuildConfiguration;
			buildSettings = {
				ALWAYS_SEARCH_USER_PATHS = NO;
				ASSETCATALOG_COMPILER_GENERATE_SWIFT_ASSET_SYMBOL_EXTENSIONS = YES;
				CLANG_ANALYZER_NONNULL = YES;
				CLANG_ANALYZER_NUMBER_OBJECT_CONVERSION = YES_AGGRESSIVE;
				CLANG_CXX_LANGUAGE_STANDARD = "gnu++20";
				CLANG_ENABLE_MODULES = YES;
				CLANG_ENABLE_OBJC_ARC = YES;
				CLANG_ENABLE_OBJC_WEAK = YES;
				CLANG_WARN_BLOCK_CAPTURE_AUTORELEASING = YES;
				CLANG_WARN_BOOL_CONVERSION = YES;
				CLANG_WARN_COMMA = YES;
				CLANG_WARN_CONSTANT_CONVERSION = YES;
				CLANG_WARN_DEPRECATED_OBJC_IMPLEMENTATIONS = YES;
				CLANG_WARN_DIRECT_OBJC_ISA_USAGE = YES_ERROR;
				CLANG_WARN_DOCUMENTATION_COMMENTS = YES;
				CLANG_WARN_EMPTY_BODY = YES;
				CLANG_WARN_ENUM_CONVERSION = YES;
				CLANG_WARN_INFINITE_RECURSION = YES;
				CLANG_WARN_INT_CONVERSION = YES;
				CLANG_WARN_NON_LITERAL_NULL_CONVERSION = YES;
				CLANG_WARN_OBJC_IMPLICIT_RETAIN_SELF = YES;
				CLANG_WARN_OBJC_LITERAL_CONVERSION = YES;
				CLANG_WARN_OBJC_ROOT_CLASS = YES_ERROR;
				CLANG_WARN_QUOTED_INCLUDE_IN_FRAMEWORK_HEADER = YES;
				CLANG_WARN_RANGE_LOOP_ANALYSIS = YES;
				CLANG_WARN_STRICT_PROTOTYPES = YES;
				CLANG_WARN_SUSPICIOUS_MOVE = YES;
				CLANG_WARN_UNGUARDED_AVAILABILITY = YES_AGGRESSIVE;
				CLANG_WARN_UNREACHABLE_CODE = YES;
				CLANG_WARN__DUPLICATE_METHOD_MATCH = YES;
				COPY_PHASE_STRIP = NO;
				DEBUG_INFORMATION_FORMAT = dwarf;
				ENABLE_STRICT_OBJC_MSGSEND = YES;
				ENABLE_TESTABILITY = YES;
				ENABLE_USER_SCRIPT_SANDBOXING = YES;
				GCC_C_LANGUAGE_STANDARD = gnu17;
				GCC_DYNAMIC_NO_PIC = NO;
				GCC_NO_COMMON_BLOCKS = YES;
				GCC_OPTIMIZATION_LEVEL = 0;
				GCC_PREPROCESSOR_DEFINITIONS = (
					"DEBUG=1",
					"$(inherited)",
				);
				GCC_WARN_64_TO_32_BIT_CONVERSION = YES;
				GCC_WARN_ABOUT_RETURN_TYPE = YES_ERROR;
				GCC_WARN_UNDECLARED_SELECTOR = YES;
				GCC_WARN_UNINITIALIZED_AUTOS = YES_AGGRESSIVE;
				GCC_WARN_UNUSED_FUNCTION = YES;
				GCC_WARN_UNUSED_VARIABLE = YES;
				IPHONEOS_DEPLOYMENT_TARGET = 17.5;
				LOCALIZATION_PREFERS_STRING_CATALOGS = YES;
				MTL_ENABLE_DEBUG_INFO = INCLUDE_SOURCE;
				MTL_FAST_MATH = YES;
				ONLY_ACTIVE_ARCH = YES;
				SDKROOT = iphoneos;
				SWIFT_ACTIVE_COMPILATION_CONDITIONS = "DEBUG $(inherited)";
				SWIFT_OPTIMIZATION_LEVEL = "-Onone";
			};
			name = Debug;
		};
		161DC98C2C397CC00072FFFA /* Release */ = {
			isa = XCBuildConfiguration;
			buildSettings = {
				ALWAYS_SEARCH_USER_PATHS = NO;
				ASSETCATALOG_COMPILER_GENERATE_SWIFT_ASSET_SYMBOL_EXTENSIONS = YES;
				CLANG_ANALYZER_NONNULL = YES;
				CLANG_ANALYZER_NUMBER_OBJECT_CONVERSION = YES_AGGRESSIVE;
				CLANG_CXX_LANGUAGE_STANDARD = "gnu++20";
				CLANG_ENABLE_MODULES = YES;
				CLANG_ENABLE_OBJC_ARC = YES;
				CLANG_ENABLE_OBJC_WEAK = YES;
				CLANG_WARN_BLOCK_CAPTURE_AUTORELEASING = YES;
				CLANG_WARN_BOOL_CONVERSION = YES;
				CLANG_WARN_COMMA = YES;
				CLANG_WARN_CONSTANT_CONVERSION = YES;
				CLANG_WARN_DEPRECATED_OBJC_IMPLEMENTATIONS = YES;
				CLANG_WARN_DIRECT_OBJC_ISA_USAGE = YES_ERROR;
				CLANG_WARN_DOCUMENTATION_COMMENTS = YES;
				CLANG_WARN_EMPTY_BODY = YES;
				CLANG_WARN_ENUM_CONVERSION = YES;
				CLANG_WARN_INFINITE_RECURSION = YES;
				CLANG_WARN_INT_CONVERSION = YES;
				CLANG_WARN_NON_LITERAL_NULL_CONVERSION = YES;
				CLANG_WARN_OBJC_IMPLICIT_RETAIN_SELF = YES;
				CLANG_WARN_OBJC_LITERAL_CONVERSION = YES;
				CLANG_WARN_OBJC_ROOT_CLASS = YES_ERROR;
				CLANG_WARN_QUOTED_INCLUDE_IN_FRAMEWORK_HEADER = YES;
				CLANG_WARN_RANGE_LOOP_ANALYSIS = YES;
				CLANG_WARN_STRICT_PROTOTYPES = YES;
				CLANG_WARN_SUSPICIOUS_MOVE = YES;
				CLANG_WARN_UNGUARDED_AVAILABILITY = YES_AGGRESSIVE;
				CLANG_WARN_UNREACHABLE_CODE = YES;
				CLANG_WARN__DUPLICATE_METHOD_MATCH = YES;
				COPY_PHASE_STRIP = NO;
				DEBUG_INFORMATION_FORMAT = "dwarf-with-dsym";
				ENABLE_NS_ASSERTIONS = NO;
				ENABLE_STRICT_OBJC_MSGSEND = YES;
				ENABLE_USER_SCRIPT_SANDBOXING = YES;
				GCC_C_LANGUAGE_STANDARD = gnu17;
				GCC_NO_COMMON_BLOCKS = YES;
				GCC_WARN_64_TO_32_BIT_CONVERSION = YES;
				GCC_WARN_ABOUT_RETURN_TYPE = YES_ERROR;
				GCC_WARN_UNDECLARED_SELECTOR = YES;
				GCC_WARN_UNINITIALIZED_AUTOS = YES_AGGRESSIVE;
				GCC_WARN_UNUSED_FUNCTION = YES;
				GCC_WARN_UNUSED_VARIABLE = YES;
				IPHONEOS_DEPLOYMENT_TARGET = 17.5;
				LOCALIZATION_PREFERS_STRING_CATALOGS = YES;
				MTL_ENABLE_DEBUG_INFO = NO;
				MTL_FAST_MATH = YES;
				SDKROOT = iphoneos;
				SWIFT_COMPILATION_MODE = wholemodule;
				VALIDATE_PRODUCT = YES;
			};
			name = Release;
		};
		161DC98E2C397CC00072FFFA /* Debug */ = {
			isa = XCBuildConfiguration;
			buildSettings = {
				ASSETCATALOG_COMPILER_APPICON_NAME = AppIcon;
				ASSETCATALOG_COMPILER_GLOBAL_ACCENT_COLOR_NAME = AccentColor;
				CODE_SIGN_STYLE = Automatic;
				CURRENT_PROJECT_VERSION = 1;
				DEVELOPMENT_ASSET_PATHS = "\"city app/Preview Content\"";
				ENABLE_PREVIEWS = YES;
				GENERATE_INFOPLIST_FILE = YES;
				INFOPLIST_KEY_UIApplicationSceneManifest_Generation = YES;
				INFOPLIST_KEY_UIApplicationSupportsIndirectInputEvents = YES;
				INFOPLIST_KEY_UILaunchScreen_Generation = YES;
				INFOPLIST_KEY_UISupportedInterfaceOrientations_iPad = "UIInterfaceOrientationPortrait UIInterfaceOrientationPortraitUpsideDown UIInterfaceOrientationLandscapeLeft UIInterfaceOrientationLandscapeRight";
				INFOPLIST_KEY_UISupportedInterfaceOrientations_iPhone = "UIInterfaceOrientationPortrait UIInterfaceOrientationLandscapeLeft UIInterfaceOrientationLandscapeRight";
				LD_RUNPATH_SEARCH_PATHS = (
					"$(inherited)",
					"@executable_path/Frameworks",
				);
				MARKETING_VERSION = 1.0;
				PRODUCT_BUNDLE_IDENTIFIER = "app.city-app";
				PRODUCT_NAME = "$(TARGET_NAME)";
				SWIFT_EMIT_LOC_STRINGS = YES;
				SWIFT_VERSION = 5.0;
				TARGETED_DEVICE_FAMILY = "1,2";
			};
			name = Debug;
		};
		161DC98F2C397CC00072FFFA /* Release */ = {
			isa = XCBuildConfiguration;
			buildSettings = {
				ASSETCATALOG_COMPILER_APPICON_NAME = AppIcon;
				ASSETCATALOG_COMPILER_GLOBAL_ACCENT_COLOR_NAME = AccentColor;
				CODE_SIGN_STYLE = Automatic;
				CURRENT_PROJECT_VERSION = 1;
				DEVELOPMENT_ASSET_PATHS = "\"city app/Preview Content\"";
				ENABLE_PREVIEWS = YES;
				GENERATE_INFOPLIST_FILE = YES;
				INFOPLIST_KEY_UIApplicationSceneManifest_Generation = YES;
				INFOPLIST_KEY_UIApplicationSupportsIndirectInputEvents = YES;
				INFOPLIST_KEY_UILaunchScreen_Generation = YES;
				INFOPLIST_KEY_UISupportedInterfaceOrientations_iPad = "UIInterfaceOrientationPortrait UIInterfaceOrientationPortraitUpsideDown UIInterfaceOrientationLandscapeLeft UIInterfaceOrientationLandscapeRight";
				INFOPLIST_KEY_UISupportedInterfaceOrientations_iPhone = "UIInterfaceOrientationPortrait UIInterfaceOrientationLandscapeLeft UIInterfaceOrientationLandscapeRight";
				LD_RUNPATH_SEARCH_PATHS = (
					"$(inherited)",
					"@executable_path/Frameworks",
				);
				MARKETING_VERSION = 1.0;
				PRODUCT_BUNDLE_IDENTIFIER = "app.city-app";
				PRODUCT_NAME = "$(TARGET_NAME)";
				SWIFT_EMIT_LOC_STRINGS = YES;
				SWIFT_VERSION = 5.0;
				TARGETED_DEVICE_FAMILY = "1,2";
			};
			name = Release;
		};
		161DC9912C397CC00072FFFA /* Debug */ = {
			isa = XCBuildConfiguration;
			buildSettings = {
				ALWAYS_EMBED_SWIFT_STANDARD_LIBRARIES = YES;
				BUNDLE_LOADER = "$(TEST_HOST)";
				CODE_SIGN_STYLE = Automatic;
				CURRENT_PROJECT_VERSION = 1;
				GENERATE_INFOPLIST_FILE = YES;
				IPHONEOS_DEPLOYMENT_TARGET = 17.5;
				MARKETING_VERSION = 1.0;
				PRODUCT_BUNDLE_IDENTIFIER = "app.city-appTests";
				PRODUCT_NAME = "$(TARGET_NAME)";
				SWIFT_EMIT_LOC_STRINGS = NO;
				SWIFT_VERSION = 5.0;
				TARGETED_DEVICE_FAMILY = "1,2";
				TEST_HOST = "$(BUILT_PRODUCTS_DIR)/city app.app/$(BUNDLE_EXECUTABLE_FOLDER_PATH)/city app";
			};
			name = Debug;
		};
		161DC9922C397CC00072FFFA /* Release */ = {
			isa = XCBuildConfiguration;
			buildSettings = {
				ALWAYS_EMBED_SWIFT_STANDARD_LIBRARIES = YES;
				BUNDLE_LOADER = "$(TEST_HOST)";
				CODE_SIGN_STYLE = Automatic;
				CURRENT_PROJECT_VERSION = 1;
				GENERATE_INFOPLIST_FILE = YES;
				IPHONEOS_DEPLOYMENT_TARGET = 17.5;
				MARKETING_VERSION = 1.0;
				PRODUCT_BUNDLE_IDENTIFIER = "app.city-appTests";
				PRODUCT_NAME = "$(TARGET_NAME)";
				SWIFT_EMIT_LOC_STRINGS = NO;
				SWIFT_VERSION = 5.0;
				TARGETED_DEVICE_FAMILY = "1,2";
				TEST_HOST = "$(BUILT_PRODUCTS_DIR)/city app.app/$(BUNDLE_EXECUTABLE_FOLDER_PATH)/city app";
			};
			name = Release;
		};
		161DC9942C397CC00072FFFA /* Debug */ = {
			isa = XCBuildConfiguration;
			buildSettings = {
				ALWAYS_EMBED_SWIFT_STANDARD_LIBRARIES = YES;
				CODE_SIGN_STYLE = Automatic;
				CURRENT_PROJECT_VERSION = 1;
				GENERATE_INFOPLIST_FILE = YES;
				MARKETING_VERSION = 1.0;
				PRODUCT_BUNDLE_IDENTIFIER = "app.city-appUITests";
				PRODUCT_NAME = "$(TARGET_NAME)";
				SWIFT_EMIT_LOC_STRINGS = NO;
				SWIFT_VERSION = 5.0;
				TARGETED_DEVICE_FAMILY = "1,2";
				TEST_TARGET_NAME = "city app";
			};
			name = Debug;
		};
		161DC9952C397CC00072FFFA /* Release */ = {
			isa = XCBuildConfiguration;
			buildSettings = {
				ALWAYS_EMBED_SWIFT_STANDARD_LIBRARIES = YES;
				CODE_SIGN_STYLE = Automatic;
				CURRENT_PROJECT_VERSION = 1;
				GENERATE_INFOPLIST_FILE = YES;
				MARKETING_VERSION = 1.0;
				PRODUCT_BUNDLE_IDENTIFIER = "app.city-appUITests";
				PRODUCT_NAME = "$(TARGET_NAME)";
				SWIFT_EMIT_LOC_STRINGS = NO;
				SWIFT_VERSION = 5.0;
				TARGETED_DEVICE_FAMILY = "1,2";
				TEST_TARGET_NAME = "city app";
			};
			name = Release;
		};
/* End XCBuildConfiguration section */

/* Begin XCConfigurationList section */
		161DC9622C397CBF0072FFFA /* Build configuration list for PBXProject "city app" */ = {
			isa = XCConfigurationList;
			buildConfigurations = (
				161DC98B2C397CC00072FFFA /* Debug */,
				161DC98C2C397CC00072FFFA /* Release */,
			);
			defaultConfigurationIsVisible = 0;
			defaultConfigurationName = Release;
		};
		161DC98D2C397CC00072FFFA /* Build configuration list for PBXNativeTarget "city app" */ = {
			isa = XCConfigurationList;
			buildConfigurations = (
				161DC98E2C397CC00072FFFA /* Debug */,
				161DC98F2C397CC00072FFFA /* Release */,
			);
			defaultConfigurationIsVisible = 0;
			defaultConfigurationName = Release;
		};
		161DC9902C397CC00072FFFA /* Build configuration list for PBXNativeTarget "city appTests" */ = {
			isa = XCConfigurationList;
			buildConfigurations = (
				161DC9912C397CC00072FFFA /* Debug */,
				161DC9922C397CC00072FFFA /* Release */,
			);
			defaultConfigurationIsVisible = 0;
			defaultConfigurationName = Release;
		};
		161DC9932C397CC00072FFFA /* Build configuration list for PBXNativeTarget "city appUITests" */ = {
			isa = XCConfigurationList;
			buildConfigurations = (
				161DC9942C397CC00072FFFA /* Debug */,
				161DC9952C397CC00072FFFA /* Release */,
			);
			defaultConfigurationIsVisible = 0;
			defaultConfigurationName = Release;
		};
/* End XCConfigurationList section */
	};
	rootObject = 161DC95F2C397CBF0072FFFA /* Project object */;
}
